
Microsoft Visual Studio Solution File, Format Version 12.00
# Visual Studio Version 17
VisualStudioVersion = 17.0.31903.59
MinimumVisualStudioVersion = 10.0.40219.1
Project("{FAE04EC0-301F-11D3-BF4B-00C04F79EFBC}") = "Reflection", "src\Reflection\Reflection.csproj", "{20937EE3-A02E-45FC-A111-FDB8A4944873}"
EndProject
Project("{FAE04EC0-301F-11D3-BF4B-00C04F79EFBC}") = "SourceBuilder", "src\SourceBuilder\SourceBuilder.csproj", "{DB70870E-4447-4861-870C-CF58FEB83977}"
EndProject
Project("{FAE04EC0-301F-11D3-BF4B-00C04F79EFBC}") = "Reflection.Tests.Types", "test\Reflection.Tests.Types\Reflection.Tests.Types.csproj", "{4DF90166-0C3B-49CC-8E30-3DBBA5CD34C6}"
EndProject
Project("{FAE04EC0-301F-11D3-BF4B-00C04F79EFBC}") = "Reflection.Tests", "test\Reflection.Tests\Reflection.Tests.csproj", "{59C370B0-21E5-4182-8B45-D44E50EBF790}"
EndProject
Project("{FAE04EC0-301F-11D3-BF4B-00C04F79EFBC}") = "SourceBuilder.Tests", "test\SourceBuilder.Tests\SourceBuilder.Tests.csproj", "{B39333D2-6D7D-41BC-A5AC-391109197DAE}"
EndProject
Project("{FAE04EC0-301F-11D3-BF4B-00C04F79EFBC}") = "ConsoleApp1", "src\ConsoleApp1\ConsoleApp1.csproj", "{7C17D57B-BF95-4D8C-829E-046580F4100F}"
EndProject
Global
	GlobalSection(SolutionConfigurationPlatforms) = preSolution
		Debug|Any CPU = Debug|Any CPU
		Release|Any CPU = Release|Any CPU
	EndGlobalSection
	GlobalSection(SolutionProperties) = preSolution
		HideSolutionNode = FALSE
	EndGlobalSection
	GlobalSection(ProjectConfigurationPlatforms) = postSolution
		{20937EE3-A02E-45FC-A111-FDB8A4944873}.Debug|Any CPU.ActiveCfg = Debug|Any CPU
		{20937EE3-A02E-45FC-A111-FDB8A4944873}.Debug|Any CPU.Build.0 = Debug|Any CPU
		{20937EE3-A02E-45FC-A111-FDB8A4944873}.Release|Any CPU.ActiveCfg = Release|Any CPU
		{20937EE3-A02E-45FC-A111-FDB8A4944873}.Release|Any CPU.Build.0 = Release|Any CPU
		{DB70870E-4447-4861-870C-CF58FEB83977}.Debug|Any CPU.ActiveCfg = Debug|Any CPU
		{DB70870E-4447-4861-870C-CF58FEB83977}.Debug|Any CPU.Build.0 = Debug|Any CPU
		{DB70870E-4447-4861-870C-CF58FEB83977}.Release|Any CPU.ActiveCfg = Release|Any CPU
		{DB70870E-4447-4861-870C-CF58FEB83977}.Release|Any CPU.Build.0 = Release|Any CPU
		{4DF90166-0C3B-49CC-8E30-3DBBA5CD34C6}.Debug|Any CPU.ActiveCfg = Debug|Any CPU
		{4DF90166-0C3B-49CC-8E30-3DBBA5CD34C6}.Debug|Any CPU.Build.0 = Debug|Any CPU
		{4DF90166-0C3B-49CC-8E30-3DBBA5CD34C6}.Release|Any CPU.ActiveCfg = Release|Any CPU
		{4DF90166-0C3B-49CC-8E30-3DBBA5CD34C6}.Release|Any CPU.Build.0 = Release|Any CPU
		{59C370B0-21E5-4182-8B45-D44E50EBF790}.Debug|Any CPU.ActiveCfg = Debug|Any CPU
		{59C370B0-21E5-4182-8B45-D44E50EBF790}.Debug|Any CPU.Build.0 = Debug|Any CPU
		{59C370B0-21E5-4182-8B45-D44E50EBF790}.Release|Any CPU.ActiveCfg = Release|Any CPU
		{59C370B0-21E5-4182-8B45-D44E50EBF790}.Release|Any CPU.Build.0 = Release|Any CPU
		{B39333D2-6D7D-41BC-A5AC-391109197DAE}.Debug|Any CPU.ActiveCfg = Debug|Any CPU
		{B39333D2-6D7D-41BC-A5AC-391109197DAE}.Debug|Any CPU.Build.0 = Debug|Any CPU
		{B39333D2-6D7D-41BC-A5AC-391109197DAE}.Release|Any CPU.ActiveCfg = Release|Any CPU
		{B39333D2-6D7D-41BC-A5AC-391109197DAE}.Release|Any CPU.Build.0 = Release|Any CPU
		{7C17D57B-BF95-4D8C-829E-046580F4100F}.Debug|Any CPU.ActiveCfg = Debug|Any CPU
		{7C17D57B-BF95-4D8C-829E-046580F4100F}.Debug|Any CPU.Build.0 = Debug|Any CPU
		{7C17D57B-BF95-4D8C-829E-046580F4100F}.Release|Any CPU.ActiveCfg = Release|Any CPU
		{7C17D57B-BF95-4D8C-829E-046580F4100F}.Release|Any CPU.Build.0 = Release|Any CPU
	EndGlobalSection
EndGlobal
